[{<<"cowboy">>,
  {git,"https://github.com/extend/cowboy.git",
       {ref,"dbb636034f20736e16eb9d6c809217c9525b6cbd"}},
  0},
 {<<"cowlib">>,
  {git,"https://github.com/ninenines/cowlib",
       {ref,"e4da2077723a26301de516c8da9b0b330545b5af"}},
  1},
 {<<"erlydtl">>,
  {git,"https://github.com/erlydtl/erlydtl.git",
       {ref,"bb1ae0f005dd038bc2a5605465fec6429b3e3a30"}},
  0},
 {<<"jsx">>,
  {git,"https://github.com/talentdeficit/jsx.git",
       {ref,"d4b6d3dc5fd9e759ff7a0c476654ea5124f5bae9"}},
  0},
 {<<"ranch">>,
  {git,"https://github.com/ninenines/ranch",
       {ref,"741bfb73ca663394ecf7a73410506d66f01985a6"}},
  1}].
